Microsoft Visual Studio Solution File, Format Version 12.00
# Visual Studio 2012
Project("{FAE04EC0-301F-11D3-BF4B-00C04F79EFBC}") = "Godot-jam-53", "Godot-jam-53.csproj", "{6E423144-5C54-482B-B849-2B8DC23C90BD}"
EndProject
Global
	GlobalSection(SolutionConfigurationPlatforms) = preSolution
	Debug|Any CPU = Debug|Any CPU
	ExportDebug|Any CPU = ExportDebug|Any CPU
	ExportRelease|Any CPU = ExportRelease|Any CPU
	EndGlobalSection
	GlobalSection(ProjectConfigurationPlatforms) = postSolution
		{6E423144-5C54-482B-B849-2B8DC23C90BD}.Debug|Any CPU.ActiveCfg = Debug|Any CPU
		{6E423144-5C54-482B-B849-2B8DC23C90BD}.Debug|Any CPU.Build.0 = Debug|Any CPU
		{6E423144-5C54-482B-B849-2B8DC23C90BD}.ExportDebug|Any CPU.ActiveCfg = ExportDebug|Any CPU
		{6E423144-5C54-482B-B849-2B8DC23C90BD}.ExportDebug|Any CPU.Build.0 = ExportDebug|Any CPU
		{6E423144-5C54-482B-B849-2B8DC23C90BD}.ExportRelease|Any CPU.ActiveCfg = ExportRelease|Any CPU
		{6E423144-5C54-482B-B849-2B8DC23C90BD}.ExportRelease|Any CPU.Build.0 = ExportRelease|Any CPU
	EndGlobalSection
EndGlobal
